// !$*UTF8*$!
{
	archiveVersion = 1;
	classes = {
	};
	objectVersion = 50;
	objects = {

/* Begin PBXBuildFile section */
		834DBFD22163AEF000E1564A /* AppDelegate.swift in Sources */ = {isa = PBXBuildFile; fileRef = 834DBFD12163AEF000E1564A /* AppDelegate.swift */; };
		834DBFD42163AEF000E1564A /* MapViewController.swift in Sources */ = {isa = PBXBuildFile; fileRef = 834DBFD32163AEF000E1564A /* MapViewController.swift */; };
		834DBFD72163AEF000E1564A /* Main.storyboard in Resources */ = {isa = PBXBuildFile; fileRef = 834DBFD52163AEF000E1564A /* Main.storyboard */; };
		834DBFD92163AEF200E1564A /* Assets.xcassets in Resources */ = {isa = PBXBuildFile; fileRef = 834DBFD82163AEF200E1564A /* Assets.xcassets */; };
		834DBFDC2163AEF200E1564A /* LaunchScreen.storyboard in Resources */ = {isa = PBXBuildFile; fileRef = 834DBFDA2163AEF200E1564A /* LaunchScreen.storyboard */; };
		834DBFE42163AFF400E1564A /* MapRecordViewController.swift in Sources */ = {isa = PBXBuildFile; fileRef = 834DBFE32163AFF400E1564A /* MapRecordViewController.swift */; };
		834DBFE62163C5F300E1564A /* MapPins.swift in Sources */ = {isa = PBXBuildFile; fileRef = 834DBFE52163C5F300E1564A /* MapPins.swift */; };
		834DBFE82163C69B00E1564A /* FileHelper.swift in Sources */ = {isa = PBXBuildFile; fileRef = 834DBFE72163C69B00E1564A /* FileHelper.swift */; };
		834DBFEB2163CC5900E1564A /* Pin.swift in Sources */ = {isa = PBXBuildFile; fileRef = 834DBFEA2163CC5900E1564A /* Pin.swift */; };
		835912D62168BC3F0081DD9B /* SearchLocationTableViewController.swift in Sources */ = {isa = PBXBuildFile; fileRef = 835912D52168BC3F0081DD9B /* SearchLocationTableViewController.swift */; };
		8377F3522167CB830006852A /* DidSelectLocationCallback.swift in Sources */ = {isa = PBXBuildFile; fileRef = 8377F3512167CB830006852A /* DidSelectLocationCallback.swift */; };
/* End PBXBuildFile section */

/* Begin PBXFileReference section */
		834DBFCE2163AEF000E1564A /* Project-13 Map Pin.app */ = {isa = PBXFileReference; explicitFileType = wrapper.application; includeInIndex = 0; path = "Project-13 Map Pin.app"; sourceTree = BUILT_PRODUCTS_DIR; };
		834DBFD12163AEF000E1564A /* AppDelegate.swift */ = {isa = PBXFileReference; lastKnownFileType = sourcecode.swift; path = AppDelegate.swift; sourceTree = "<group>"; };
		834DBFD32163AEF000E1564A /* MapViewController.swift */ = {isa = PBXFileReference; lastKnownFileType = sourcecode.swift; path = MapViewController.swift; sourceTree = "<group>"; };
		834DBFD62163AEF000E1564A /* Base */ = {isa = PBXFileReference; lastKnownFileType = file.storyboard; name = Base; path = Base.lproj/Main.storyboard; sourceTree = "<group>"; };
		834DBFD82163AEF200E1564A /* Assets.xcassets */ = {isa = PBXFileReference; lastKnownFileType = folder.assetcatalog; path = Assets.xcassets; sourceTree = "<group>"; };
		834DBFDB2163AEF200E1564A /* Base */ = {isa = PBXFileReference; lastKnownFileType = file.storyboard; name = Base; path = Base.lproj/LaunchScreen.storyboard; sourceTree = "<group>"; };
		834DBFDD2163AEF200E1564A /* Info.plist */ = {isa = PBXFileReference; lastKnownFileType = text.plist.xml; path = Info.plist; sourceTree = "<group>"; };
		834DBFE32163AFF400E1564A /* MapRecordViewController.swift */ = {isa = PBXFileReference; lastKnownFileType = sourcecode.swift; path = MapRecordViewController.swift; sourceTree = "<group>"; };
		834DBFE52163C5F300E1564A /* MapPins.swift */ = {isa = PBXFileReference; lastKnownFileType = sourcecode.swift; path = MapPins.swift; sourceTree = "<group>"; };
		834DBFE72163C69B00E1564A /* FileHelper.swift */ = {isa = PBXFileReference; fileEncoding = 4; lastKnownFileType = sourcecode.swift; path = FileHelper.swift; sourceTree = "<group>"; };
		834DBFEA2163CC5900E1564A /* Pin.swift */ = {isa = PBXFileReference; lastKnownFileType = sourcecode.swift; path = Pin.swift; sourceTree = "<group>"; };
		835912D52168BC3F0081DD9B /* SearchLocationTableViewController.swift */ = {isa = PBXFileReference; lastKnownFileType = sourcecode.swift; path = SearchLocationTableViewController.swift; sourceTree = "<group>"; };
		8377F3512167CB830006852A /* DidSelectLocationCallback.swift */ = {isa = PBXFileReference; lastKnownFileType = sourcecode.swift; path = DidSelectLocationCallback.swift; sourceTree = "<group>"; };
/* End PBXFileReference section */

/* Begin PBXFrameworksBuildPhase section */
		834DBFCB2163AEF000E1564A /* Frameworks */ = {
			isa = PBXFrameworksBuildPhase;
			buildActionMask = 2147483647;
			files = (
			);
			runOnlyForDeploymentPostprocessing = 0;
		};
/* End PBXFrameworksBuildPhase section */

/* Begin PBXGroup section */
		834DBFC52163AEF000E1564A = {
			isa = PBXGroup;
			children = (
				834DBFD02163AEF000E1564A /* Project-13 Map Pin */,
				834DBFCF2163AEF000E1564A /* Products */,
			);
			sourceTree = "<group>";
		};
		834DBFCF2163AEF000E1564A /* Products */ = {
			isa = PBXGroup;
			children = (
				834DBFCE2163AEF000E1564A /* Project-13 Map Pin.app */,
			);
			name = Products;
			sourceTree = "<group>";
		};
		834DBFD02163AEF000E1564A /* Project-13 Map Pin */ = {
			isa = PBXGroup;
			children = (
				834DBFDD2163AEF200E1564A /* Info.plist */,
				834DBFEE2163CDF700E1564A /* Controller */,
				834DBFED2163CDEB00E1564A /* View */,
				834DBFE92163C70600E1564A /* Model */,
				834DBFEC2163CDD800E1564A /* Supporting */,
			);
			path = "Project-13 Map Pin";
			sourceTree = "<group>";
		};
		834DBFE92163C70600E1564A /* Model */ = {
			isa = PBXGroup;
			children = (
				834DBFE72163C69B00E1564A /* FileHelper.swift */,
				834DBFE52163C5F300E1564A /* MapPins.swift */,
				834DBFEA2163CC5900E1564A /* Pin.swift */,
			);
			path = Model;
			sourceTree = "<group>";
		};
		834DBFEC2163CDD800E1564A /* Supporting */ = {
			isa = PBXGroup;
			children = (
				834DBFD82163AEF200E1564A /* Assets.xcassets */,
				834DBFD12163AEF000E1564A /* AppDelegate.swift */,
				834DBFDA2163AEF200E1564A /* LaunchScreen.storyboard */,
			);
			path = Supporting;
			sourceTree = "<group>";
		};
		834DBFED2163CDEB00E1564A /* View */ = {
			isa = PBXGroup;
			children = (
				834DBFD52163AEF000E1564A /* Main.storyboard */,
			);
			path = View;
			sourceTree = "<group>";
		};
		834DBFEE2163CDF700E1564A /* Controller */ = {
			isa = PBXGroup;
			children = (
				834DBFD32163AEF000E1564A /* MapViewController.swift */,
				834DBFE32163AFF400E1564A /* MapRecordViewController.swift */,
				835912D52168BC3F0081DD9B /* SearchLocationTableViewController.swift */,
				8377F3512167CB830006852A /* DidSelectLocationCallback.swift */,
			);
			path = Controller;
			sourceTree = "<group>";
		};
/* End PBXGroup section */

/* Begin PBXNativeTarget section */
		834DBFCD2163AEF000E1564A /* Project-13 Map Pin */ = {
			isa = PBXNativeTarget;
			buildConfigurationList = 834DBFE02163AEF200E1564A /* Build configuration list for PBXNativeTarget "Project-13 Map Pin" */;
			buildPhases = (
				834DBFCA2163AEF000E1564A /* Sources */,
				834DBFCB2163AEF000E1564A /* Frameworks */,
				834DBFCC2163AEF000E1564A /* Resources */,
			);
			buildRules = (
			);
			dependencies = (
			);
			name = "Project-13 Map Pin";
			productName = "Project-13 Map Pin";
			productReference = 834DBFCE2163AEF000E1564A /* Project-13 Map Pin.app */;
			productType = "com.apple.product-type.application";
		};
/* End PBXNativeTarget section */

/* Begin PBXProject section */
		834DBFC62163AEF000E1564A /* Project object */ = {
			isa = PBXProject;
			attributes = {
				LastSwiftUpdateCheck = 0940;
				LastUpgradeCheck = 0940;
				ORGANIZATIONNAME = Chris;
				TargetAttributes = {
					834DBFCD2163AEF000E1564A = {
						CreatedOnToolsVersion = 9.4.1;
					};
				};
			};
			buildConfigurationList = 834DBFC92163AEF000E1564A /* Build configuration list for PBXProject "Project-13 Map Pin" */;
			compatibilityVersion = "Xcode 9.3";
			developmentRegion = en;
			hasScannedForEncodings = 0;
			knownRegions = (
				en,
				Base,
			);
			mainGroup = 834DBFC52163AEF000E1564A;
			productRefGroup = 834DBFCF2163AEF000E1564A /* Products */;
			projectDirPath = "";
			projectRoot = "";
			targets = (
				834DBFCD2163AEF000E1564A /* Project-13 Map Pin */,
			);
		};
/* End PBXProject section */

/* Begin PBXResourcesBuildPhase section */
		834DBFCC2163AEF000E1564A /* Resources */ = {
			isa = PBXResourcesBuildPhase;
			buildActionMask = 2147483647;
			files = (
				834DBFDC2163AEF200E1564A /* LaunchScreen.storyboard in Resources */,
				834DBFD92163AEF200E1564A /* Assets.xcassets in Resources */,
				834DBFD72163AEF000E1564A /* Main.storyboard in Resources */,
			);
			runOnlyForDeploymentPostprocessing = 0;
		};
/* End PBXResourcesBuildPhase section */

/* Begin PBXSourcesBuildPhase section */
		834DBFCA2163AEF000E1564A /* Sources */ = {
			isa = PBXSourcesBuildPhase;
			buildActionMask = 2147483647;
			files = (
				835912D62168BC3F0081DD9B /* SearchLocationTableViewController.swift in Sources */,
				834DBFE62163C5F300E1564A /* MapPins.swift in Sources */,
				8377F3522167CB830006852A /* DidSelectLocationCallback.swift in Sources */,
				834DBFD42163AEF000E1564A /* MapViewController.swift in Sources */,
				834DBFE42163AFF400E1564A /* MapRecordViewController.swift in Sources */,
				834DBFEB2163CC5900E1564A /* Pin.swift in Sources */,
				834DBFD22163AEF000E1564A /* AppDelegate.swift in Sources */,
				834DBFE82163C69B00E1564A /* FileHelper.swift in Sources */,
			);
			runOnlyForDeploymentPostprocessing = 0;
		};
/* End PBXSourcesBuildPhase section */

/* Begin PBXVariantGroup section */
		834DBFD52163AEF000E1564A /* Main.storyboard */ = {
			isa = PBXVariantGroup;
			children = (
				834DBFD62163AEF000E1564A /* Base */,
			);
			name = Main.storyboard;
			sourceTree = "<group>";
		};
		834DBFDA2163AEF200E1564A /* LaunchScreen.storyboard */ = {
			isa = PBXVariantGroup;
			children = (
				834DBFDB2163AEF200E1564A /* Base */,
			);
			name = LaunchScreen.storyboard;
			sourceTree = "<group>";
		};
/* End PBXVariantGroup section */

/* Begin XCBuildConfiguration section */
		834DBFDE2163AEF200E1564A /* Debug */ = {
			isa = XCBuildConfiguration;
			buildSettings = {
				ALWAYS_SEARCH_USER_PATHS = NO;
				CLANG_ANALYZER_NONNULL = YES;
				CLANG_ANALYZER_NUMBER_OBJECT_CONVERSION = YES_AGGRESSIVE;
				CLANG_CXX_LANGUAGE_STANDARD = "gnu++14";
				CLANG_CXX_LIBRARY = "libc++";
				CLANG_ENABLE_MODULES = YES;
				CLANG_ENABLE_OBJC_ARC = YES;
				CLANG_ENABLE_OBJC_WEAK = YES;
				CLANG_WARN_BLOCK_CAPTURE_AUTORELEASING = YES;
				CLANG_WARN_BOOL_CONVERSION = YES;
				CLANG_WARN_COMMA = YES;
				CLANG_WARN_CONSTANT_CONVERSION = YES;
				CLANG_WARN_DEPRECATED_OBJC_IMPLEMENTATIONS = YES;
				CLANG_WARN_DIRECT_OBJC_ISA_USAGE = YES_ERROR;
				CLANG_WARN_DOCUMENTATION_COMMENTS = YES;
				CLANG_WARN_EMPTY_BODY = YES;
				CLANG_WARN_ENUM_CONVERSION = YES;
				CLANG_WARN_INFINITE_RECURSION = YES;
				CLANG_WARN_INT_CONVERSION = YES;
				CLANG_WARN_NON_LITERAL_NULL_CONVERSION = YES;
				CLANG_WARN_OBJC_IMPLICIT_RETAIN_SELF = YES;
				CLANG_WARN_OBJC_LITERAL_CONVERSION = YES;
				CLANG_WARN_OBJC_ROOT_CLASS = YES_ERROR;
				CLANG_WARN_RANGE_LOOP_ANALYSIS = YES;
				CLANG_WARN_STRICT_PROTOTYPES = YES;
				CLANG_WARN_SUSPICIOUS_MOVE = YES;
				CLANG_WARN_UNGUARDED_AVAILABILITY = YES_AGGRESSIVE;
				CLANG_WARN_UNREACHABLE_CODE = YES;
				CLANG_WARN__DUPLICATE_METHOD_MATCH = YES;
				CODE_SIGN_IDENTITY = "iPhone Developer";
				COPY_PHASE_STRIP = NO;
				DEBUG_INFORMATION_FORMAT = dwarf;
				ENABLE_STRICT_OBJC_MSGSEND = YES;
				ENABLE_TESTABILITY = YES;
				GCC_C_LANGUAGE_STANDARD = gnu11;
				GCC_DYNAMIC_NO_PIC = NO;
				GCC_NO_COMMON_BLOCKS = YES;
				GCC_OPTIMIZATION_LEVEL = 0;
				GCC_PREPROCESSOR_DEFINITIONS = (
					"DEBUG=1",
					"$(inherited)",
				);
				GCC_WARN_64_TO_32_BIT_CONVERSION = YES;
				GCC_WARN_ABOUT_RETURN_TYPE = YES_ERROR;
				GCC_WARN_UNDECLARED_SELECTOR = YES;
				GCC_WARN_UNINITIALIZED_AUTOS = YES_AGGRESSIVE;
				GCC_WARN_UNUSED_FUNCTION = YES;
				GCC_WARN_UNUSED_VARIABLE = YES;
				IPHONEOS_DEPLOYMENT_TARGET = 11.4;
				MTL_ENABLE_DEBUG_INFO = YES;
				ONLY_ACTIVE_ARCH = YES;
				SDKROOT = iphoneos;
				SWIFT_ACTIVE_COMPILATION_CONDITIONS = DEBUG;
				SWIFT_OPTIMIZATION_LEVEL = "-Onone";
			};
			name = Debug;
		};
		834DBFDF2163AEF200E1564A /* Release */ = {
			isa = XCBuildConfiguration;
			buildSettings = {
				ALWAYS_SEARCH_USER_PATHS = NO;
				CLANG_ANALYZER_NONNULL = YES;
				CLANG_ANALYZER_NUMBER_OBJECT_CONVERSION = YES_AGGRESSIVE;
				CLANG_CXX_LANGUAGE_STANDARD = "gnu++14";
				CLANG_CXX_LIBRARY = "libc++";
				CLANG_ENABLE_MODULES = YES;
				CLANG_ENABLE_OBJC_ARC = YES;
				CLANG_ENABLE_OBJC_WEAK = YES;
				CLANG_WARN_BLOCK_CAPTURE_AUTORELEASING = YES;
				CLANG_WARN_BOOL_CONVERSION = YES;
				CLANG_WARN_COMMA = YES;
				CLANG_WARN_CONSTANT_CONVERSION = YES;
				CLANG_WARN_DEPRECATED_OBJC_IMPLEMENTATIONS = YES;
				CLANG_WARN_DIRECT_OBJC_ISA_USAGE = YES_ERROR;
				CLANG_WARN_DOCUMENTATION_COMMENTS = YES;
				CLANG_WARN_EMPTY_BODY = YES;
				CLANG_WARN_ENUM_CONVERSION = YES;
				CLANG_WARN_INFINITE_RECURSION = YES;
				CLANG_WARN_INT_CONVERSION = YES;
				CLANG_WARN_NON_LITERAL_NULL_CONVERSION = YES;
				CLANG_WARN_OBJC_IMPLICIT_RETAIN_SELF = YES;
				CLANG_WARN_OBJC_LITERAL_CONVERSION = YES;
				CLANG_WARN_OBJC_ROOT_CLASS = YES_ERROR;
				CLANG_WARN_RANGE_LOOP_ANALYSIS = YES;
				CLANG_WARN_STRICT_PROTOTYPES = YES;
				CLANG_WARN_SUSPICIOUS_MOVE = YES;
				CLANG_WARN_UNGUARDED_AVAILABILITY = YES_AGGRESSIVE;
				CLANG_WARN_UNREACHABLE_CODE = YES;
				CLANG_WARN__DUPLICATE_METHOD_MATCH = YES;
				CODE_SIGN_IDENTITY = "iPhone Developer";
				COPY_PHASE_STRIP = NO;
				DEBUG_INFORMATION_FORMAT = "dwarf-with-dsym";
				ENABLE_NS_ASSERTIONS = NO;
				ENABLE_STRICT_OBJC_MSGSEND = YES;
				GCC_C_LANGUAGE_STANDARD = gnu11;
				GCC_NO_COMMON_BLOCKS = YES;
				GCC_WARN_64_TO_32_BIT_CONVERSION = YES;
				GCC_WARN_ABOUT_RETURN_TYPE = YES_ERROR;
				GCC_WARN_UNDECLARED_SELECTOR = YES;
				GCC_WARN_UNINITIALIZED_AUTOS = YES_AGGRESSIVE;
				GCC_WARN_UNUSED_FUNCTION = YES;
				GCC_WARN_UNUSED_VARIABLE = YES;
				IPHONEOS_DEPLOYMENT_TARGET = 11.4;
				MTL_ENABLE_DEBUG_INFO = NO;
				SDKROOT = iphoneos;
				SWIFT_COMPILATION_MODE = wholemodule;
				SWIFT_OPTIMIZATION_LEVEL = "-O";
				VALIDATE_PRODUCT = YES;
			};
			name = Release;
		};
		834DBFE12163AEF200E1564A /* Debug */ = {
			isa = XCBuildConfiguration;
			buildSettings = {
				ASSETCATALOG_COMPILER_APPICON_NAME = AppIcon;
				CODE_SIGN_STYLE = Automatic;
				DEVELOPMENT_TEAM = QUVTA8Q65R;
				INFOPLIST_FILE = "Project-13 Map Pin/Info.plist";
				LD_RUNPATH_SEARCH_PATHS = (
					"$(inherited)",
					"@executable_path/Frameworks",
				);
				PRODUCT_BUNDLE_IDENTIFIER = "com.jkjk.Project-13-Map-Pin";
				PRODUCT_NAME = "$(TARGET_NAME)";
				SWIFT_VERSION = 4.0;
				TARGETED_DEVICE_FAMILY = "1,2";
			};
			name = Debug;
		};
		834DBFE22163AEF200E1564A /* Release */ = {
			isa = XCBuildConfiguration;
			buildSettings = {
				ASSETCATALOG_COMPILER_APPICON_NAME = AppIcon;
				CODE_SIGN_STYLE = Automatic;
				DEVELOPMENT_TEAM = QUVTA8Q65R;
				INFOPLIST_FILE = "Project-13 Map Pin/Info.plist";
				LD_RUNPATH_SEARCH_PATHS = (
					"$(inherited)",
					"@executable_path/Frameworks",
				);
				PRODUCT_BUNDLE_IDENTIFIER = "com.jkjk.Project-13-Map-Pin";
				PRODUCT_NAME = "$(TARGET_NAME)";
				SWIFT_VERSION = 4.0;
				TARGETED_DEVICE_FAMILY = "1,2";
			};
			name = Release;
		};
/* End XCBuildConfiguration section */

/* Begin XCConfigurationList section */
		834DBFC92163AEF000E1564A /* Build configuration list for PBXProject "Project-13 Map Pin" */ = {
			isa = XCConfigurationList;
			buildConfigurations = (
				834DBFDE2163AEF200E1564A /* Debug */,
				834DBFDF2163AEF200E1564A /* Release */,
			);
			defaultConfigurationIsVisible = 0;
			defaultConfigurationName = Release;
		};
		834DBFE02163AEF200E1564A /* Build configuration list for PBXNativeTarget "Project-13 Map Pin" */ = {
			isa = XCConfigurationList;
			buildConfigurations = (
				834DBFE12163AEF200E1564A /* Debug */,
				834DBFE22163AEF200E1564A /* Release */,
			);
			defaultConfigurationIsVisible = 0;
			defaultConfigurationName = Release;
		};
/* End XCConfigurationList section */
	};
	rootObject = 834DBFC62163AEF000E1564A /* Project object */;
}
